
Microsoft Visual Studio Solution File, Format Version 11.00
# Visual Studio 2010
Project("{FAE04EC0-301F-11D3-BF4B-00C04F79EFBC}") = "TrainRemoteControl", "TrainRemoteControl\TrainRemoteControl.csproj", "{38D0780C-5080-488A-8B9F-9FB9ADBF3123}"
EndProject
Project("{FAE04EC0-301F-11D3-BF4B-00C04F79EFBC}") = "DaHuaNetSDKSample", "Video\DaHuaNetSDKSample\DaHuaNetSDKSample.csproj", "{ED9B98F5-5DB6-4E7E-A7E3-ADE56B9D3672}"
EndProject
Global
	GlobalSection(SolutionConfigurationPlatforms) = preSolution
		Debug|Any CPU = Debug|Any CPU
		Debug|Mixed Platforms = Debug|Mixed Platforms
		Debug|x86 = Debug|x86
		Release|Any CPU = Release|Any CPU
		Release|Mixed Platforms = Release|Mixed Platforms
		Release|x86 = Release|x86
	EndGlobalSection
	GlobalSection(ProjectConfigurationPlatforms) = postSolution
		{38D0780C-5080-488A-8B9F-9FB9ADBF3123}.Debug|Any CPU.ActiveCfg = Debug|x86
		{38D0780C-5080-488A-8B9F-9FB9ADBF3123}.Debug|Mixed Platforms.ActiveCfg = Debug|x86
		{38D0780C-5080-488A-8B9F-9FB9ADBF3123}.Debug|Mixed Platforms.Build.0 = Debug|x86
		{38D0780C-5080-488A-8B9F-9FB9ADBF3123}.Debug|x86.ActiveCfg = Debug|x86
		{38D0780C-5080-488A-8B9F-9FB9ADBF3123}.Debug|x86.Build.0 = Debug|x86
		{38D0780C-5080-488A-8B9F-9FB9ADBF3123}.Release|Any CPU.ActiveCfg = Release|x86
		{38D0780C-5080-488A-8B9F-9FB9ADBF3123}.Release|Mixed Platforms.ActiveCfg = Release|x86
		{38D0780C-5080-488A-8B9F-9FB9ADBF3123}.Release|Mixed Platforms.Build.0 = Release|x86
		{38D0780C-5080-488A-8B9F-9FB9ADBF3123}.Release|x86.ActiveCfg = Release|x86
		{38D0780C-5080-488A-8B9F-9FB9ADBF3123}.Release|x86.Build.0 = Release|x86
		{ED9B98F5-5DB6-4E7E-A7E3-ADE56B9D3672}.Debug|Any CPU.ActiveCfg = Debug|Any CPU
		{ED9B98F5-5DB6-4E7E-A7E3-ADE56B9D3672}.Debug|Any CPU.Build.0 = Debug|Any CPU
		{ED9B98F5-5DB6-4E7E-A7E3-ADE56B9D3672}.Debug|Mixed Platforms.ActiveCfg = Debug|Any CPU
		{ED9B98F5-5DB6-4E7E-A7E3-ADE56B9D3672}.Debug|Mixed Platforms.Build.0 = Debug|Any CPU
		{ED9B98F5-5DB6-4E7E-A7E3-ADE56B9D3672}.Debug|x86.ActiveCfg = Debug|Any CPU
		{ED9B98F5-5DB6-4E7E-A7E3-ADE56B9D3672}.Release|Any CPU.ActiveCfg = Release|Any CPU
		{ED9B98F5-5DB6-4E7E-A7E3-ADE56B9D3672}.Release|Any CPU.Build.0 = Release|Any CPU
		{ED9B98F5-5DB6-4E7E-A7E3-ADE56B9D3672}.Release|Mixed Platforms.ActiveCfg = Release|Any CPU
		{ED9B98F5-5DB6-4E7E-A7E3-ADE56B9D3672}.Release|Mixed Platforms.Build.0 = Release|Any CPU
		{ED9B98F5-5DB6-4E7E-A7E3-ADE56B9D3672}.Release|x86.ActiveCfg = Release|Any CPU
	EndGlobalSection
	GlobalSection(SolutionProperties) = preSolution
		HideSolutionNode = FALSE
	EndGlobalSection
EndGlobal
